
Microsoft Visual Studio Solution File, Format Version 12.00
# Visual Studio Version 17
Project("{2150E333-8FDC-42A3-9474-1A3956D46DE8}") = "CMakePredefinedTargets", "CMakePredefinedTargets", "{0F966756-12E3-32B4-BC3C-53355BE9EFE7}"
EndProject
Project("{2150E333-8FDC-42A3-9474-1A3956D46DE8}") = "External", "External", "{47817D68-D25B-3464-8FE7-D6376D77068C}"
EndProject
Project("{2150E333-8FDC-42A3-9474-1A3956D46DE8}") = "Internal", "Internal", "{5A5A8870-61B3-358F-95EF-5363A97908F3}"
EndProject
Project("{8BC9CEB8-8B4A-11D0-8D11-00A0C91BC942}") = "ALL_BUILD", "ALL_BUILD.vcxproj", "{4E28EE41-E1F1-3B06-AA06-78D47B86EB4F}"
	ProjectSection(ProjectDependencies) = postProject
		{41DDE3FF-6BA3-320F-957F-963EDDDFA8A0} = {41DDE3FF-6BA3-320F-957F-963EDDDFA8A0}
		{BF0F5E57-75FB-3D85-AE83-C452475B0F1D} = {BF0F5E57-75FB-3D85-AE83-C452475B0F1D}
		{0C748BE4-EAEB-3B25-8031-17689525C4DC} = {0C748BE4-EAEB-3B25-8031-17689525C4DC}
		{FCC1D822-61AA-3E58-B7BF-0C37C1097741} = {FCC1D822-61AA-3E58-B7BF-0C37C1097741}
		{0350E221-354F-38DD-ACB4-A20E3DE93049} = {0350E221-354F-38DD-ACB4-A20E3DE93049}
		{92421776-23EB-30C1-8450-ED0BE5F4D29F} = {92421776-23EB-30C1-8450-ED0BE5F4D29F}
		{770E9303-4E0C-3812-BA16-E29B2218FC82} = {770E9303-4E0C-3812-BA16-E29B2218FC82}
		{9A7FE26C-D6B7-311B-A069-B1EBBA3928ED} = {9A7FE26C-D6B7-311B-A069-B1EBBA3928ED}
		{6106E040-CAAE-384F-86E2-5D118F5FDD10} = {6106E040-CAAE-384F-86E2-5D118F5FDD10}
		{174A1383-D2D3-3C7D-BDCD-81CAD3D0DBD7} = {174A1383-D2D3-3C7D-BDCD-81CAD3D0DBD7}
		{11342759-19D5-3A3F-9573-254D6B849CAA} = {11342759-19D5-3A3F-9573-254D6B849CAA}
		{BC7B96E8-58CE-3D72-BC0D-DC420AB9C7C9} = {BC7B96E8-58CE-3D72-BC0D-DC420AB9C7C9}
		{62C44AF2-3281-311B-BB55-74CA1C769BE9} = {62C44AF2-3281-311B-BB55-74CA1C769BE9}
	EndProjectSection
EndProject
Project("{8BC9CEB8-8B4A-11D0-8D11-00A0C91BC942}") = "ZERO_CHECK", "..\..\..\\ZERO_CHECK.vcxproj", "{41DDE3FF-6BA3-320F-957F-963EDDDFA8A0}"
	ProjectSection(ProjectDependencies) = postProject
	EndProjectSection
EndProject
Project("{8BC9CEB8-8B4A-11D0-8D11-00A0C91BC942}") = "cocos2d", "cocos2d.vcxproj", "{BF0F5E57-75FB-3D85-AE83-C452475B0F1D}"
	ProjectSection(ProjectDependencies) = postProject
		{41DDE3FF-6BA3-320F-957F-963EDDDFA8A0} = {41DDE3FF-6BA3-320F-957F-963EDDDFA8A0}
		{0C748BE4-EAEB-3B25-8031-17689525C4DC} = {0C748BE4-EAEB-3B25-8031-17689525C4DC}
		{FCC1D822-61AA-3E58-B7BF-0C37C1097741} = {FCC1D822-61AA-3E58-B7BF-0C37C1097741}
		{0350E221-354F-38DD-ACB4-A20E3DE93049} = {0350E221-354F-38DD-ACB4-A20E3DE93049}
		{92421776-23EB-30C1-8450-ED0BE5F4D29F} = {92421776-23EB-30C1-8450-ED0BE5F4D29F}
		{770E9303-4E0C-3812-BA16-E29B2218FC82} = {770E9303-4E0C-3812-BA16-E29B2218FC82}
		{9A7FE26C-D6B7-311B-A069-B1EBBA3928ED} = {9A7FE26C-D6B7-311B-A069-B1EBBA3928ED}
		{6106E040-CAAE-384F-86E2-5D118F5FDD10} = {6106E040-CAAE-384F-86E2-5D118F5FDD10}
		{174A1383-D2D3-3C7D-BDCD-81CAD3D0DBD7} = {174A1383-D2D3-3C7D-BDCD-81CAD3D0DBD7}
		{11342759-19D5-3A3F-9573-254D6B849CAA} = {11342759-19D5-3A3F-9573-254D6B849CAA}
		{BC7B96E8-58CE-3D72-BC0D-DC420AB9C7C9} = {BC7B96E8-58CE-3D72-BC0D-DC420AB9C7C9}
		{62C44AF2-3281-311B-BB55-74CA1C769BE9} = {62C44AF2-3281-311B-BB55-74CA1C769BE9}
	EndProjectSection
EndProject
Project("{8BC9CEB8-8B4A-11D0-8D11-00A0C91BC942}") = "ext_clipper", "..\..\external\clipper\ext_clipper.vcxproj", "{0C748BE4-EAEB-3B25-8031-17689525C4DC}"
	ProjectSection(ProjectDependencies) = postProject
		{41DDE3FF-6BA3-320F-957F-963EDDDFA8A0} = {41DDE3FF-6BA3-320F-957F-963EDDDFA8A0}
	EndProjectSection
EndProject
Project("{8BC9CEB8-8B4A-11D0-8D11-00A0C91BC942}") = "ext_convertUTF", "..\..\external\ConvertUTF\ext_convertUTF.vcxproj", "{FCC1D822-61AA-3E58-B7BF-0C37C1097741}"
	ProjectSection(ProjectDependencies) = postProject
		{41DDE3FF-6BA3-320F-957F-963EDDDFA8A0} = {41DDE3FF-6BA3-320F-957F-963EDDDFA8A0}
	EndProjectSection
EndProject
Project("{8BC9CEB8-8B4A-11D0-8D11-00A0C91BC942}") = "ext_edtaa3func", "..\..\external\edtaa3func\ext_edtaa3func.vcxproj", "{0350E221-354F-38DD-ACB4-A20E3DE93049}"
	ProjectSection(ProjectDependencies) = postProject
		{41DDE3FF-6BA3-320F-957F-963EDDDFA8A0} = {41DDE3FF-6BA3-320F-957F-963EDDDFA8A0}
	EndProjectSection
EndProject
Project("{8BC9CEB8-8B4A-11D0-8D11-00A0C91BC942}") = "ext_md5", "..\..\external\md5\ext_md5.vcxproj", "{92421776-23EB-30C1-8450-ED0BE5F4D29F}"
	ProjectSection(ProjectDependencies) = postProject
		{41DDE3FF-6BA3-320F-957F-963EDDDFA8A0} = {41DDE3FF-6BA3-320F-957F-963EDDDFA8A0}
	EndProjectSection
EndProject
Project("{8BC9CEB8-8B4A-11D0-8D11-00A0C91BC942}") = "ext_poly2tri", "..\..\external\poly2tri\ext_poly2tri.vcxproj", "{770E9303-4E0C-3812-BA16-E29B2218FC82}"
	ProjectSection(ProjectDependencies) = postProject
		{41DDE3FF-6BA3-320F-957F-963EDDDFA8A0} = {41DDE3FF-6BA3-320F-957F-963EDDDFA8A0}
	EndProjectSection
EndProject
Project("{8BC9CEB8-8B4A-11D0-8D11-00A0C91BC942}") = "ext_recast", "..\..\external\recast\ext_recast.vcxproj", "{9A7FE26C-D6B7-311B-A069-B1EBBA3928ED}"
	ProjectSection(ProjectDependencies) = postProject
		{41DDE3FF-6BA3-320F-957F-963EDDDFA8A0} = {41DDE3FF-6BA3-320F-957F-963EDDDFA8A0}
	EndProjectSection
EndProject
Project("{8BC9CEB8-8B4A-11D0-8D11-00A0C91BC942}") = "ext_tinyxml2", "..\..\external\tinyxml2\ext_tinyxml2.vcxproj", "{6106E040-CAAE-384F-86E2-5D118F5FDD10}"
	ProjectSection(ProjectDependencies) = postProject
		{41DDE3FF-6BA3-320F-957F-963EDDDFA8A0} = {41DDE3FF-6BA3-320F-957F-963EDDDFA8A0}
	EndProjectSection
EndProject
Project("{8BC9CEB8-8B4A-11D0-8D11-00A0C91BC942}") = "ext_unzip", "..\..\external\unzip\ext_unzip.vcxproj", "{174A1383-D2D3-3C7D-BDCD-81CAD3D0DBD7}"
	ProjectSection(ProjectDependencies) = postProject
		{41DDE3FF-6BA3-320F-957F-963EDDDFA8A0} = {41DDE3FF-6BA3-320F-957F-963EDDDFA8A0}
	EndProjectSection
EndProject
Project("{8BC9CEB8-8B4A-11D0-8D11-00A0C91BC942}") = "ext_xxhash", "..\..\external\xxhash\ext_xxhash.vcxproj", "{11342759-19D5-3A3F-9573-254D6B849CAA}"
	ProjectSection(ProjectDependencies) = postProject
		{41DDE3FF-6BA3-320F-957F-963EDDDFA8A0} = {41DDE3FF-6BA3-320F-957F-963EDDDFA8A0}
	EndProjectSection
EndProject
Project("{8BC9CEB8-8B4A-11D0-8D11-00A0C91BC942}") = "ext_xxtea", "..\..\external\xxtea\ext_xxtea.vcxproj", "{BC7B96E8-58CE-3D72-BC0D-DC420AB9C7C9}"
	ProjectSection(ProjectDependencies) = postProject
		{41DDE3FF-6BA3-320F-957F-963EDDDFA8A0} = {41DDE3FF-6BA3-320F-957F-963EDDDFA8A0}
	EndProjectSection
EndProject
Project("{8BC9CEB8-8B4A-11D0-8D11-00A0C91BC942}") = "external", "..\..\external\external.vcxproj", "{62C44AF2-3281-311B-BB55-74CA1C769BE9}"
	ProjectSection(ProjectDependencies) = postProject
		{41DDE3FF-6BA3-320F-957F-963EDDDFA8A0} = {41DDE3FF-6BA3-320F-957F-963EDDDFA8A0}
		{0C748BE4-EAEB-3B25-8031-17689525C4DC} = {0C748BE4-EAEB-3B25-8031-17689525C4DC}
		{FCC1D822-61AA-3E58-B7BF-0C37C1097741} = {FCC1D822-61AA-3E58-B7BF-0C37C1097741}
		{0350E221-354F-38DD-ACB4-A20E3DE93049} = {0350E221-354F-38DD-ACB4-A20E3DE93049}
		{92421776-23EB-30C1-8450-ED0BE5F4D29F} = {92421776-23EB-30C1-8450-ED0BE5F4D29F}
		{770E9303-4E0C-3812-BA16-E29B2218FC82} = {770E9303-4E0C-3812-BA16-E29B2218FC82}
		{9A7FE26C-D6B7-311B-A069-B1EBBA3928ED} = {9A7FE26C-D6B7-311B-A069-B1EBBA3928ED}
		{6106E040-CAAE-384F-86E2-5D118F5FDD10} = {6106E040-CAAE-384F-86E2-5D118F5FDD10}
		{174A1383-D2D3-3C7D-BDCD-81CAD3D0DBD7} = {174A1383-D2D3-3C7D-BDCD-81CAD3D0DBD7}
		{11342759-19D5-3A3F-9573-254D6B849CAA} = {11342759-19D5-3A3F-9573-254D6B849CAA}
		{BC7B96E8-58CE-3D72-BC0D-DC420AB9C7C9} = {BC7B96E8-58CE-3D72-BC0D-DC420AB9C7C9}
	EndProjectSection
EndProject
Global
	GlobalSection(SolutionConfigurationPlatforms) = preSolution
		Debug|Win32 = Debug|Win32
		Release|Win32 = Release|Win32
		MinSizeRel|Win32 = MinSizeRel|Win32
		RelWithDebInfo|Win32 = RelWithDebInfo|Win32
	EndGlobalSection
	GlobalSection(ProjectConfigurationPlatforms) = postSolution
		{4E28EE41-E1F1-3B06-AA06-78D47B86EB4F}.Debug|Win32.ActiveCfg = Debug|Win32
		{4E28EE41-E1F1-3B06-AA06-78D47B86EB4F}.Release|Win32.ActiveCfg = Release|Win32
		{4E28EE41-E1F1-3B06-AA06-78D47B86EB4F}.MinSizeRel|Win32.ActiveCfg = MinSizeRel|Win32
		{4E28EE41-E1F1-3B06-AA06-78D47B86EB4F}.RelWithDebInfo|Win32.ActiveCfg = RelWithDebInfo|Win32
		{41DDE3FF-6BA3-320F-957F-963EDDDFA8A0}.Debug|Win32.ActiveCfg = Debug|Win32
		{41DDE3FF-6BA3-320F-957F-963EDDDFA8A0}.Debug|Win32.Build.0 = Debug|Win32
		{41DDE3FF-6BA3-320F-957F-963EDDDFA8A0}.Release|Win32.ActiveCfg = Release|Win32
		{41DDE3FF-6BA3-320F-957F-963EDDDFA8A0}.Release|Win32.Build.0 = Release|Win32
		{41DDE3FF-6BA3-320F-957F-963EDDDFA8A0}.MinSizeRel|Win32.ActiveCfg = MinSizeRel|Win32
		{41DDE3FF-6BA3-320F-957F-963EDDDFA8A0}.MinSizeRel|Win32.Build.0 = MinSizeRel|Win32
		{41DDE3FF-6BA3-320F-957F-963EDDDFA8A0}.RelWithDebInfo|Win32.ActiveCfg = RelWithDebInfo|Win32
		{41DDE3FF-6BA3-320F-957F-963EDDDFA8A0}.RelWithDebInfo|Win32.Build.0 = RelWithDebInfo|Win32
		{BF0F5E57-75FB-3D85-AE83-C452475B0F1D}.Debug|Win32.ActiveCfg = Debug|Win32
		{BF0F5E57-75FB-3D85-AE83-C452475B0F1D}.Debug|Win32.Build.0 = Debug|Win32
		{BF0F5E57-75FB-3D85-AE83-C452475B0F1D}.Release|Win32.ActiveCfg = Release|Win32
		{BF0F5E57-75FB-3D85-AE83-C452475B0F1D}.Release|Win32.Build.0 = Release|Win32
		{BF0F5E57-75FB-3D85-AE83-C452475B0F1D}.MinSizeRel|Win32.ActiveCfg = MinSizeRel|Win32
		{BF0F5E57-75FB-3D85-AE83-C452475B0F1D}.MinSizeRel|Win32.Build.0 = MinSizeRel|Win32
		{BF0F5E57-75FB-3D85-AE83-C452475B0F1D}.RelWithDebInfo|Win32.ActiveCfg = RelWithDebInfo|Win32
		{BF0F5E57-75FB-3D85-AE83-C452475B0F1D}.RelWithDebInfo|Win32.Build.0 = RelWithDebInfo|Win32
		{0C748BE4-EAEB-3B25-8031-17689525C4DC}.Debug|Win32.ActiveCfg = Debug|Win32
		{0C748BE4-EAEB-3B25-8031-17689525C4DC}.Debug|Win32.Build.0 = Debug|Win32
		{0C748BE4-EAEB-3B25-8031-17689525C4DC}.Release|Win32.ActiveCfg = Release|Win32
		{0C748BE4-EAEB-3B25-8031-17689525C4DC}.Release|Win32.Build.0 = Release|Win32
		{0C748BE4-EAEB-3B25-8031-17689525C4DC}.MinSizeRel|Win32.ActiveCfg = MinSizeRel|Win32
		{0C748BE4-EAEB-3B25-8031-17689525C4DC}.MinSizeRel|Win32.Build.0 = MinSizeRel|Win32
		{0C748BE4-EAEB-3B25-8031-17689525C4DC}.RelWithDebInfo|Win32.ActiveCfg = RelWithDebInfo|Win32
		{0C748BE4-EAEB-3B25-8031-17689525C4DC}.RelWithDebInfo|Win32.Build.0 = RelWithDebInfo|Win32
		{FCC1D822-61AA-3E58-B7BF-0C37C1097741}.Debug|Win32.ActiveCfg = Debug|Win32
		{FCC1D822-61AA-3E58-B7BF-0C37C1097741}.Debug|Win32.Build.0 = Debug|Win32
		{FCC1D822-61AA-3E58-B7BF-0C37C1097741}.Release|Win32.ActiveCfg = Release|Win32
		{FCC1D822-61AA-3E58-B7BF-0C37C1097741}.Release|Win32.Build.0 = Release|Win32
		{FCC1D822-61AA-3E58-B7BF-0C37C1097741}.MinSizeRel|Win32.ActiveCfg = MinSizeRel|Win32
		{FCC1D822-61AA-3E58-B7BF-0C37C1097741}.MinSizeRel|Win32.Build.0 = MinSizeRel|Win32
		{FCC1D822-61AA-3E58-B7BF-0C37C1097741}.RelWithDebInfo|Win32.ActiveCfg = RelWithDebInfo|Win32
		{FCC1D822-61AA-3E58-B7BF-0C37C1097741}.RelWithDebInfo|Win32.Build.0 = RelWithDebInfo|Win32
		{0350E221-354F-38DD-ACB4-A20E3DE93049}.Debug|Win32.ActiveCfg = Debug|Win32
		{0350E221-354F-38DD-ACB4-A20E3DE93049}.Debug|Win32.Build.0 = Debug|Win32
		{0350E221-354F-38DD-ACB4-A20E3DE93049}.Release|Win32.ActiveCfg = Release|Win32
		{0350E221-354F-38DD-ACB4-A20E3DE93049}.Release|Win32.Build.0 = Release|Win32
		{0350E221-354F-38DD-ACB4-A20E3DE93049}.MinSizeRel|Win32.ActiveCfg = MinSizeRel|Win32
		{0350E221-354F-38DD-ACB4-A20E3DE93049}.MinSizeRel|Win32.Build.0 = MinSizeRel|Win32
		{0350E221-354F-38DD-ACB4-A20E3DE93049}.RelWithDebInfo|Win32.ActiveCfg = RelWithDebInfo|Win32
		{0350E221-354F-38DD-ACB4-A20E3DE93049}.RelWithDebInfo|Win32.Build.0 = RelWithDebInfo|Win32
		{92421776-23EB-30C1-8450-ED0BE5F4D29F}.Debug|Win32.ActiveCfg = Debug|Win32
		{92421776-23EB-30C1-8450-ED0BE5F4D29F}.Debug|Win32.Build.0 = Debug|Win32
		{92421776-23EB-30C1-8450-ED0BE5F4D29F}.Release|Win32.ActiveCfg = Release|Win32
		{92421776-23EB-30C1-8450-ED0BE5F4D29F}.Release|Win32.Build.0 = Release|Win32
		{92421776-23EB-30C1-8450-ED0BE5F4D29F}.MinSizeRel|Win32.ActiveCfg = MinSizeRel|Win32
		{92421776-23EB-30C1-8450-ED0BE5F4D29F}.MinSizeRel|Win32.Build.0 = MinSizeRel|Win32
		{92421776-23EB-30C1-8450-ED0BE5F4D29F}.RelWithDebInfo|Win32.ActiveCfg = RelWithDebInfo|Win32
		{92421776-23EB-30C1-8450-ED0BE5F4D29F}.RelWithDebInfo|Win32.Build.0 = RelWithDebInfo|Win32
		{770E9303-4E0C-3812-BA16-E29B2218FC82}.Debug|Win32.ActiveCfg = Debug|Win32
		{770E9303-4E0C-3812-BA16-E29B2218FC82}.Debug|Win32.Build.0 = Debug|Win32
		{770E9303-4E0C-3812-BA16-E29B2218FC82}.Release|Win32.ActiveCfg = Release|Win32
		{770E9303-4E0C-3812-BA16-E29B2218FC82}.Release|Win32.Build.0 = Release|Win32
		{770E9303-4E0C-3812-BA16-E29B2218FC82}.MinSizeRel|Win32.ActiveCfg = MinSizeRel|Win32
		{770E9303-4E0C-3812-BA16-E29B2218FC82}.MinSizeRel|Win32.Build.0 = MinSizeRel|Win32
		{770E9303-4E0C-3812-BA16-E29B2218FC82}.RelWithDebInfo|Win32.ActiveCfg = RelWithDebInfo|Win32
		{770E9303-4E0C-3812-BA16-E29B2218FC82}.RelWithDebInfo|Win32.Build.0 = RelWithDebInfo|Win32
		{9A7FE26C-D6B7-311B-A069-B1EBBA3928ED}.Debug|Win32.ActiveCfg = Debug|Win32
		{9A7FE26C-D6B7-311B-A069-B1EBBA3928ED}.Debug|Win32.Build.0 = Debug|Win32
		{9A7FE26C-D6B7-311B-A069-B1EBBA3928ED}.Release|Win32.ActiveCfg = Release|Win32
		{9A7FE26C-D6B7-311B-A069-B1EBBA3928ED}.Release|Win32.Build.0 = Release|Win32
		{9A7FE26C-D6B7-311B-A069-B1EBBA3928ED}.MinSizeRel|Win32.ActiveCfg = MinSizeRel|Win32
		{9A7FE26C-D6B7-311B-A069-B1EBBA3928ED}.MinSizeRel|Win32.Build.0 = MinSizeRel|Win32
		{9A7FE26C-D6B7-311B-A069-B1EBBA3928ED}.RelWithDebInfo|Win32.ActiveCfg = RelWithDebInfo|Win32
		{9A7FE26C-D6B7-311B-A069-B1EBBA3928ED}.RelWithDebInfo|Win32.Build.0 = RelWithDebInfo|Win32
		{6106E040-CAAE-384F-86E2-5D118F5FDD10}.Debug|Win32.ActiveCfg = Debug|Win32
		{6106E040-CAAE-384F-86E2-5D118F5FDD10}.Debug|Win32.Build.0 = Debug|Win32
		{6106E040-CAAE-384F-86E2-5D118F5FDD10}.Release|Win32.ActiveCfg = Release|Win32
		{6106E040-CAAE-384F-86E2-5D118F5FDD10}.Release|Win32.Build.0 = Release|Win32
		{6106E040-CAAE-384F-86E2-5D118F5FDD10}.MinSizeRel|Win32.ActiveCfg = MinSizeRel|Win32
		{6106E040-CAAE-384F-86E2-5D118F5FDD10}.MinSizeRel|Win32.Build.0 = MinSizeRel|Win32
		{6106E040-CAAE-384F-86E2-5D118F5FDD10}.RelWithDebInfo|Win32.ActiveCfg = RelWithDebInfo|Win32
		{6106E040-CAAE-384F-86E2-5D118F5FDD10}.RelWithDebInfo|Win32.Build.0 = RelWithDebInfo|Win32
		{174A1383-D2D3-3C7D-BDCD-81CAD3D0DBD7}.Debug|Win32.ActiveCfg = Debug|Win32
		{174A1383-D2D3-3C7D-BDCD-81CAD3D0DBD7}.Debug|Win32.Build.0 = Debug|Win32
		{174A1383-D2D3-3C7D-BDCD-81CAD3D0DBD7}.Release|Win32.ActiveCfg = Release|Win32
		{174A1383-D2D3-3C7D-BDCD-81CAD3D0DBD7}.Release|Win32.Build.0 = Release|Win32
		{174A1383-D2D3-3C7D-BDCD-81CAD3D0DBD7}.MinSizeRel|Win32.ActiveCfg = MinSizeRel|Win32
		{174A1383-D2D3-3C7D-BDCD-81CAD3D0DBD7}.MinSizeRel|Win32.Build.0 = MinSizeRel|Win32
		{174A1383-D2D3-3C7D-BDCD-81CAD3D0DBD7}.RelWithDebInfo|Win32.ActiveCfg = RelWithDebInfo|Win32
		{174A1383-D2D3-3C7D-BDCD-81CAD3D0DBD7}.RelWithDebInfo|Win32.Build.0 = RelWithDebInfo|Win32
		{11342759-19D5-3A3F-9573-254D6B849CAA}.Debug|Win32.ActiveCfg = Debug|Win32
		{11342759-19D5-3A3F-9573-254D6B849CAA}.Debug|Win32.Build.0 = Debug|Win32
		{11342759-19D5-3A3F-9573-254D6B849CAA}.Release|Win32.ActiveCfg = Release|Win32
		{11342759-19D5-3A3F-9573-254D6B849CAA}.Release|Win32.Build.0 = Release|Win32
		{11342759-19D5-3A3F-9573-254D6B849CAA}.MinSizeRel|Win32.ActiveCfg = MinSizeRel|Win32
		{11342759-19D5-3A3F-9573-254D6B849CAA}.MinSizeRel|Win32.Build.0 = MinSizeRel|Win32
		{11342759-19D5-3A3F-9573-254D6B849CAA}.RelWithDebInfo|Win32.ActiveCfg = RelWithDebInfo|Win32
		{11342759-19D5-3A3F-9573-254D6B849CAA}.RelWithDebInfo|Win32.Build.0 = RelWithDebInfo|Win32
		{BC7B96E8-58CE-3D72-BC0D-DC420AB9C7C9}.Debug|Win32.ActiveCfg = Debug|Win32
		{BC7B96E8-58CE-3D72-BC0D-DC420AB9C7C9}.Debug|Win32.Build.0 = Debug|Win32
		{BC7B96E8-58CE-3D72-BC0D-DC420AB9C7C9}.Release|Win32.ActiveCfg = Release|Win32
		{BC7B96E8-58CE-3D72-BC0D-DC420AB9C7C9}.Release|Win32.Build.0 = Release|Win32
		{BC7B96E8-58CE-3D72-BC0D-DC420AB9C7C9}.MinSizeRel|Win32.ActiveCfg = MinSizeRel|Win32
		{BC7B96E8-58CE-3D72-BC0D-DC420AB9C7C9}.MinSizeRel|Win32.Build.0 = MinSizeRel|Win32
		{BC7B96E8-58CE-3D72-BC0D-DC420AB9C7C9}.RelWithDebInfo|Win32.ActiveCfg = RelWithDebInfo|Win32
		{BC7B96E8-58CE-3D72-BC0D-DC420AB9C7C9}.RelWithDebInfo|Win32.Build.0 = RelWithDebInfo|Win32
		{62C44AF2-3281-311B-BB55-74CA1C769BE9}.Debug|Win32.ActiveCfg = Debug|Win32
		{62C44AF2-3281-311B-BB55-74CA1C769BE9}.Debug|Win32.Build.0 = Debug|Win32
		{62C44AF2-3281-311B-BB55-74CA1C769BE9}.Release|Win32.ActiveCfg = Release|Win32
		{62C44AF2-3281-311B-BB55-74CA1C769BE9}.Release|Win32.Build.0 = Release|Win32
		{62C44AF2-3281-311B-BB55-74CA1C769BE9}.MinSizeRel|Win32.ActiveCfg = MinSizeRel|Win32
		{62C44AF2-3281-311B-BB55-74CA1C769BE9}.MinSizeRel|Win32.Build.0 = MinSizeRel|Win32
		{62C44AF2-3281-311B-BB55-74CA1C769BE9}.RelWithDebInfo|Win32.ActiveCfg = RelWithDebInfo|Win32
		{62C44AF2-3281-311B-BB55-74CA1C769BE9}.RelWithDebInfo|Win32.Build.0 = RelWithDebInfo|Win32
	EndGlobalSection
	GlobalSection(NestedProjects) = preSolution
		{4E28EE41-E1F1-3B06-AA06-78D47B86EB4F} = {0F966756-12E3-32B4-BC3C-53355BE9EFE7}
		{41DDE3FF-6BA3-320F-957F-963EDDDFA8A0} = {0F966756-12E3-32B4-BC3C-53355BE9EFE7}
		{0C748BE4-EAEB-3B25-8031-17689525C4DC} = {47817D68-D25B-3464-8FE7-D6376D77068C}
		{FCC1D822-61AA-3E58-B7BF-0C37C1097741} = {47817D68-D25B-3464-8FE7-D6376D77068C}
		{0350E221-354F-38DD-ACB4-A20E3DE93049} = {47817D68-D25B-3464-8FE7-D6376D77068C}
		{92421776-23EB-30C1-8450-ED0BE5F4D29F} = {47817D68-D25B-3464-8FE7-D6376D77068C}
		{770E9303-4E0C-3812-BA16-E29B2218FC82} = {47817D68-D25B-3464-8FE7-D6376D77068C}
		{9A7FE26C-D6B7-311B-A069-B1EBBA3928ED} = {47817D68-D25B-3464-8FE7-D6376D77068C}
		{6106E040-CAAE-384F-86E2-5D118F5FDD10} = {47817D68-D25B-3464-8FE7-D6376D77068C}
		{174A1383-D2D3-3C7D-BDCD-81CAD3D0DBD7} = {47817D68-D25B-3464-8FE7-D6376D77068C}
		{11342759-19D5-3A3F-9573-254D6B849CAA} = {47817D68-D25B-3464-8FE7-D6376D77068C}
		{BC7B96E8-58CE-3D72-BC0D-DC420AB9C7C9} = {47817D68-D25B-3464-8FE7-D6376D77068C}
		{62C44AF2-3281-311B-BB55-74CA1C769BE9} = {47817D68-D25B-3464-8FE7-D6376D77068C}
		{BF0F5E57-75FB-3D85-AE83-C452475B0F1D} = {5A5A8870-61B3-358F-95EF-5363A97908F3}
	EndGlobalSection
	GlobalSection(ExtensibilityGlobals) = postSolution
		SolutionGuid = {1F214571-6DCB-337E-B394-B4EAA5938451}
	EndGlobalSection
	GlobalSection(ExtensibilityAddIns) = postSolution
	EndGlobalSection
EndGlobal
